
Microsoft Visual Studio Solution File, Format Version 12.00
# Visual Studio Version 16
VisualStudioVersion = 16.0.29020.237
MinimumVisualStudioVersion = 10.0.40219.1
Project("{FAE04EC0-301F-11D3-BF4B-00C04F79EFBC}") = "OBSAutoRunner", "OBSAutoRunner\OBSAutoRunner.csproj", "{8FAA0DBB-945B-440F-B83C-580163F647B1}"
EndProject
Global
	GlobalSection(SolutionConfigurationPlatforms) = preSolution
		Debug|Any CPU = Debug|Any CPU
		Release|Any CPU = Release|Any CPU
	EndGlobalSection
	GlobalSection(ProjectConfigurationPlatforms) = postSolution
		{8FAA0DBB-945B-440F-B83C-580163F647B1}.Debug|Any CPU.ActiveCfg = Debug|Any CPU
		{8FAA0DBB-945B-440F-B83C-580163F647B1}.Debug|Any CPU.Build.0 = Debug|Any CPU
		{8FAA0DBB-945B-440F-B83C-580163F647B1}.Release|Any CPU.ActiveCfg = Release|Any CPU
		{8FAA0DBB-945B-440F-B83C-580163F647B1}.Release|Any CPU.Build.0 = Release|Any CPU
	EndGlobalSection
	GlobalSection(SolutionProperties) = preSolution
		HideSolutionNode = FALSE
	EndGlobalSection
	GlobalSection(ExtensibilityGlobals) = postSolution
		SolutionGuid = {B4B30D24-7C7B-47A6-A5B2-A63AF03CF188}
	EndGlobalSection
EndGlobal
